
Microsoft Visual Studio Solution File, Format Version 12.00
# Visual Studio Version 16
VisualStudioVersion = 16.0.31129.286
MinimumVisualStudioVersion = 10.0.40219.1
Project("{FAE04EC0-301F-11D3-BF4B-00C04F79EFBC}") = "FfmpegPOC", "FfmpegPOC\FfmpegPOC.csproj", "{7E5FE4FE-EFA4-4DAC-8A6D-6F39054C11B1}"
EndProject
Global
	GlobalSection(SolutionConfigurationPlatforms) = preSolution
		Debug|Any CPU = Debug|Any CPU
		Release|Any CPU = Release|Any CPU
	EndGlobalSection
	GlobalSection(ProjectConfigurationPlatforms) = postSolution
		{7E5FE4FE-EFA4-4DAC-8A6D-6F39054C11B1}.Debug|Any CPU.ActiveCfg = Debug|Any CPU
		{7E5FE4FE-EFA4-4DAC-8A6D-6F39054C11B1}.Debug|Any CPU.Build.0 = Debug|Any CPU
		{7E5FE4FE-EFA4-4DAC-8A6D-6F39054C11B1}.Release|Any CPU.ActiveCfg = Release|Any CPU
		{7E5FE4FE-EFA4-4DAC-8A6D-6F39054C11B1}.Release|Any CPU.Build.0 = Release|Any CPU
	EndGlobalSection
	GlobalSection(SolutionProperties) = preSolution
		HideSolutionNode = FALSE
	EndGlobalSection
	GlobalSection(ExtensibilityGlobals) = postSolution
		SolutionGuid = {189F8433-A3B3-43B9-BE92-469C96DFA844}
	EndGlobalSection
EndGlobal
